
Microsoft Visual Studio Solution File, Format Version 12.00
# Visual Studio 2013
VisualStudioVersion = 12.0.30501.0
MinimumVisualStudioVersion = 10.0.40219.1
Project("{FAE04EC0-301F-11D3-BF4B-00C04F79EFBC}") = "ng-models", "ng-models\ng-models.csproj", "{C25D11EC-309C-4586-989E-3B2816D4E822}"
EndProject
Project("{FAE04EC0-301F-11D3-BF4B-00C04F79EFBC}") = "ng-vstemplate", "ng-vstemplate\ng-vstemplate.csproj", "{50FAB625-FCC8-418D-9653-90141794F050}"
EndProject
Project("{FAE04EC0-301F-11D3-BF4B-00C04F79EFBC}") = "ng-interceptor", "ng-interceptor\ng-interceptor.csproj", "{0D466461-7554-4589-AF01-5D65E3D60A64}"
EndProject
Project("{FAE04EC0-301F-11D3-BF4B-00C04F79EFBC}") = "ng-styleguide", "ng-styleguide\ng-styleguide.csproj", "{AA163DE1-4500-44A5-8280-93F5D3D874EE}"
EndProject
Global
	GlobalSection(SolutionConfigurationPlatforms) = preSolution
		Debug|Any CPU = Debug|Any CPU
		Release|Any CPU = Release|Any CPU
	EndGlobalSection
	GlobalSection(ProjectConfigurationPlatforms) = postSolution
		{C25D11EC-309C-4586-989E-3B2816D4E822}.Debug|Any CPU.ActiveCfg = Debug|Any CPU
		{C25D11EC-309C-4586-989E-3B2816D4E822}.Debug|Any CPU.Build.0 = Debug|Any CPU
		{C25D11EC-309C-4586-989E-3B2816D4E822}.Release|Any CPU.ActiveCfg = Release|Any CPU
		{C25D11EC-309C-4586-989E-3B2816D4E822}.Release|Any CPU.Build.0 = Release|Any CPU
		{50FAB625-FCC8-418D-9653-90141794F050}.Debug|Any CPU.ActiveCfg = Debug|Any CPU
		{50FAB625-FCC8-418D-9653-90141794F050}.Debug|Any CPU.Build.0 = Debug|Any CPU
		{50FAB625-FCC8-418D-9653-90141794F050}.Release|Any CPU.ActiveCfg = Release|Any CPU
		{50FAB625-FCC8-418D-9653-90141794F050}.Release|Any CPU.Build.0 = Release|Any CPU
		{0D466461-7554-4589-AF01-5D65E3D60A64}.Debug|Any CPU.ActiveCfg = Debug|Any CPU
		{0D466461-7554-4589-AF01-5D65E3D60A64}.Debug|Any CPU.Build.0 = Debug|Any CPU
		{0D466461-7554-4589-AF01-5D65E3D60A64}.Release|Any CPU.ActiveCfg = Release|Any CPU
		{0D466461-7554-4589-AF01-5D65E3D60A64}.Release|Any CPU.Build.0 = Release|Any CPU
		{AA163DE1-4500-44A5-8280-93F5D3D874EE}.Debug|Any CPU.ActiveCfg = Debug|Any CPU
		{AA163DE1-4500-44A5-8280-93F5D3D874EE}.Debug|Any CPU.Build.0 = Debug|Any CPU
		{AA163DE1-4500-44A5-8280-93F5D3D874EE}.Release|Any CPU.ActiveCfg = Release|Any CPU
		{AA163DE1-4500-44A5-8280-93F5D3D874EE}.Release|Any CPU.Build.0 = Release|Any CPU
	EndGlobalSection
	GlobalSection(SolutionProperties) = preSolution
		HideSolutionNode = FALSE
	EndGlobalSection
EndGlobal
